
Microsoft Visual Studio Solution File, Format Version 12.00
Project("{FAE04EC0-301F-11D3-BF4B-00C04F79EFBC}") = "ScpLockerPermissions", "ScpLockerPermissions\ScpLockerPermissions.csproj", "{C9036588-7A6D-4C8F-B37F-B5426151D0C2}"
EndProject
Global
	GlobalSection(SolutionConfigurationPlatforms) = preSolution
		Debug|Any CPU = Debug|Any CPU
		Release|Any CPU = Release|Any CPU
	EndGlobalSection
	GlobalSection(ProjectConfigurationPlatforms) = postSolution
		{C9036588-7A6D-4C8F-B37F-B5426151D0C2}.Debug|Any CPU.ActiveCfg = Debug|Any CPU
		{C9036588-7A6D-4C8F-B37F-B5426151D0C2}.Debug|Any CPU.Build.0 = Debug|Any CPU
		{C9036588-7A6D-4C8F-B37F-B5426151D0C2}.Release|Any CPU.ActiveCfg = Release|Any CPU
		{C9036588-7A6D-4C8F-B37F-B5426151D0C2}.Release|Any CPU.Build.0 = Release|Any CPU
	EndGlobalSection
EndGlobal
